// !$*UTF8*$!
{
	archiveVersion = 1;
	classes = {
	};
	objectVersion = 46;
	objects = {

/* Begin PBXBuildFile section */
		FA58419C1EDE7BE4009B9F94 /* AppDelegate.swift in Sources */ = {isa = PBXBuildFile; fileRef = FA58419B1EDE7BE4009B9F94 /* AppDelegate.swift */; };
		FA5841A31EDE7BE4009B9F94 /* Assets.xcassets in Resources */ = {isa = PBXBuildFile; fileRef = FA5841A21EDE7BE4009B9F94 /* Assets.xcassets */; };
		FA5841A61EDE7BE4009B9F94 /* LaunchScreen.storyboard in Resources */ = {isa = PBXBuildFile; fileRef = FA5841A41EDE7BE4009B9F94 /* LaunchScreen.storyboard */; };
		FA5841B61EDE7C76009B9F94 /* UIPresentation.h in Headers */ = {isa = PBXBuildFile; fileRef = FA5841B41EDE7C76009B9F94 /* UIPresentation.h */; settings = {ATTRIBUTES = (Public, ); }; };
		FA5841B91EDE7C76009B9F94 /* UIPresentation.framework in Frameworks */ = {isa = PBXBuildFile; fileRef = FA5841B21EDE7C76009B9F94 /* UIPresentation.framework */; };
		FA5841BA1EDE7C76009B9F94 /* UIPresentation.framework in Embed Frameworks */ = {isa = PBXBuildFile; fileRef = FA5841B21EDE7C76009B9F94 /* UIPresentation.framework */; settings = {ATTRIBUTES = (CodeSignOnCopy, RemoveHeadersOnCopy, ); }; };
		FA5841C81EDE7C8B009B9F94 /* UIComponents.h in Headers */ = {isa = PBXBuildFile; fileRef = FA5841C61EDE7C8B009B9F94 /* UIComponents.h */; settings = {ATTRIBUTES = (Public, ); }; };
		FA5841CB1EDE7C8B009B9F94 /* UIComponents.framework in Frameworks */ = {isa = PBXBuildFile; fileRef = FA5841C41EDE7C8B009B9F94 /* UIComponents.framework */; };
		FA5841CC1EDE7C8B009B9F94 /* UIComponents.framework in Embed Frameworks */ = {isa = PBXBuildFile; fileRef = FA5841C41EDE7C8B009B9F94 /* UIComponents.framework */; settings = {ATTRIBUTES = (CodeSignOnCopy, RemoveHeadersOnCopy, ); }; };
		FA5841E21EDE7CDD009B9F94 /* LoginBuilder.swift in Sources */ = {isa = PBXBuildFile; fileRef = FA5841D31EDE7CDD009B9F94 /* LoginBuilder.swift */; };
		FA5841E31EDE7CDD009B9F94 /* LoginPresenter.swift in Sources */ = {isa = PBXBuildFile; fileRef = FA5841D41EDE7CDD009B9F94 /* LoginPresenter.swift */; };
		FA5841E41EDE7CDD009B9F94 /* LoginPresenterProtocol.swift in Sources */ = {isa = PBXBuildFile; fileRef = FA5841D51EDE7CDD009B9F94 /* LoginPresenterProtocol.swift */; };
		FA5841E51EDE7CDD009B9F94 /* LoginViewController.storyboard in Resources */ = {isa = PBXBuildFile; fileRef = FA5841D61EDE7CDD009B9F94 /* LoginViewController.storyboard */; };
		FA5841E61EDE7CDE009B9F94 /* LoginViewController.swift in Sources */ = {isa = PBXBuildFile; fileRef = FA5841D71EDE7CDD009B9F94 /* LoginViewController.swift */; };
		FA5841E71EDE7CDE009B9F94 /* LoginViewProtocol.swift in Sources */ = {isa = PBXBuildFile; fileRef = FA5841D81EDE7CDD009B9F94 /* LoginViewProtocol.swift */; };
		FA5841E81EDE7CDE009B9F94 /* Router.swift in Sources */ = {isa = PBXBuildFile; fileRef = FA5841D91EDE7CDD009B9F94 /* Router.swift */; };
		FA5841E91EDE7CDE009B9F94 /* RouterBuilder.swift in Sources */ = {isa = PBXBuildFile; fileRef = FA5841DA1EDE7CDD009B9F94 /* RouterBuilder.swift */; };
		FA5841EA1EDE7CDE009B9F94 /* RouterProtocol.swift in Sources */ = {isa = PBXBuildFile; fileRef = FA5841DB1EDE7CDD009B9F94 /* RouterProtocol.swift */; };
		FA5841EB1EDE7CDE009B9F94 /* SignupBuilder.swift in Sources */ = {isa = PBXBuildFile; fileRef = FA5841DC1EDE7CDD009B9F94 /* SignupBuilder.swift */; };
		FA5841EC1EDE7CDE009B9F94 /* SignupPresenter.swift in Sources */ = {isa = PBXBuildFile; fileRef = FA5841DD1EDE7CDD009B9F94 /* SignupPresenter.swift */; };
		FA5841ED1EDE7CDE009B9F94 /* SignupPresenterProtocol.swift in Sources */ = {isa = PBXBuildFile; fileRef = FA5841DE1EDE7CDD009B9F94 /* SignupPresenterProtocol.swift */; };
		FA5841EE1EDE7CDE009B9F94 /* SignupViewController.storyboard in Resources */ = {isa = PBXBuildFile; fileRef = FA5841DF1EDE7CDD009B9F94 /* SignupViewController.storyboard */; };
		FA5841EF1EDE7CDE009B9F94 /* SignupViewController.swift in Sources */ = {isa = PBXBuildFile; fileRef = FA5841E01EDE7CDD009B9F94 /* SignupViewController.swift */; };
		FA5841F01EDE7CDE009B9F94 /* SignupViewProtocol.swift in Sources */ = {isa = PBXBuildFile; fileRef = FA5841E11EDE7CDD009B9F94 /* SignupViewProtocol.swift */; };
		FA693C1B1EDF1FEA0044408F /* UIViewController+Extensions.swift in Sources */ = {isa = PBXBuildFile; fileRef = FA693C1A1EDF1FEA0044408F /* UIViewController+Extensions.swift */; };
		FA693C2E1EDF2C410044408F /* HeadingLabel.swift in Sources */ = {isa = PBXBuildFile; fileRef = FA693C201EDF2C410044408F /* HeadingLabel.swift */; };
		FA693C2F1EDF2C410044408F /* SmallButton.swift in Sources */ = {isa = PBXBuildFile; fileRef = FA693C211EDF2C410044408F /* SmallButton.swift */; };
		FA693C321EDF2C410044408F /* PrimaryButton.swift in Sources */ = {isa = PBXBuildFile; fileRef = FA693C241EDF2C410044408F /* PrimaryButton.swift */; };
		FA693C331EDF2C410044408F /* Resources.xcassets in Resources */ = {isa = PBXBuildFile; fileRef = FA693C251EDF2C410044408F /* Resources.xcassets */; };
		FA693C341EDF2C410044408F /* SmallLabel.swift in Sources */ = {isa = PBXBuildFile; fileRef = FA693C261EDF2C410044408F /* SmallLabel.swift */; };
		FA693C351EDF2C410044408F /* TitleLabel.swift in Sources */ = {isa = PBXBuildFile; fileRef = FA693C271EDF2C410044408F /* TitleLabel.swift */; };
		FA693C361EDF2C410044408F /* UIColors+Extensions.swift in Sources */ = {isa = PBXBuildFile; fileRef = FA693C281EDF2C410044408F /* UIColors+Extensions.swift */; };
		FA693C371EDF2C410044408F /* UIView+FromNib.swift in Sources */ = {isa = PBXBuildFile; fileRef = FA693C291EDF2C410044408F /* UIView+FromNib.swift */; };
		FA693C421EDF2D6A0044408F /* BackgroundView.swift in Sources */ = {isa = PBXBuildFile; fileRef = FA693C3C1EDF2D6A0044408F /* BackgroundView.swift */; };
		FA693C431EDF2D6A0044408F /* BaseInput.swift in Sources */ = {isa = PBXBuildFile; fileRef = FA693C3D1EDF2D6A0044408F /* BaseInput.swift */; };
		FA693C441EDF2D6A0044408F /* EmailInput.swift in Sources */ = {isa = PBXBuildFile; fileRef = FA693C3E1EDF2D6A0044408F /* EmailInput.swift */; };
		FA693C451EDF2D6A0044408F /* EmailInput.xib in Resources */ = {isa = PBXBuildFile; fileRef = FA693C3F1EDF2D6A0044408F /* EmailInput.xib */; };
		FA693C461EDF2D6A0044408F /* PasswordInput.swift in Sources */ = {isa = PBXBuildFile; fileRef = FA693C401EDF2D6A0044408F /* PasswordInput.swift */; };
		FA693C471EDF2D6A0044408F /* PasswordInput.xib in Resources */ = {isa = PBXBuildFile; fileRef = FA693C411EDF2D6A0044408F /* PasswordInput.xib */; };
		FA693C491EDF2EE30044408F /* Resources.xcassets in Resources */ = {isa = PBXBuildFile; fileRef = FA693C481EDF2EE30044408F /* Resources.xcassets */; };
		FA693C4F1EDF61CF0044408F /* KeyboardAwareScrollView.swift in Sources */ = {isa = PBXBuildFile; fileRef = FA693C4E1EDF61CF0044408F /* KeyboardAwareScrollView.swift */; };
/* End PBXBuildFile section */

/* Begin PBXContainerItemProxy section */
		FA5841B71EDE7C76009B9F94 /* PBXContainerItemProxy */ = {
			isa = PBXContainerItemProxy;
			containerPortal = FA5841901EDE7BE4009B9F94 /* Project object */;
			proxyType = 1;
			remoteGlobalIDString = FA5841B11EDE7C76009B9F94;
			remoteInfo = UIPresentation;
		};
		FA5841C91EDE7C8B009B9F94 /* PBXContainerItemProxy */ = {
			isa = PBXContainerItemProxy;
			containerPortal = FA5841901EDE7BE4009B9F94 /* Project object */;
			proxyType = 1;
			remoteGlobalIDString = FA5841C31EDE7C8B009B9F94;
			remoteInfo = UIComponents;
		};
/* End PBXContainerItemProxy section */

/* Begin PBXCopyFilesBuildPhase section */
		FA5841BE1EDE7C76009B9F94 /* Embed Frameworks */ = {
			isa = PBXCopyFilesBuildPhase;
			buildActionMask = 2147483647;
			dstPath = "";
			dstSubfolderSpec = 10;
			files = (
				FA5841CC1EDE7C8B009B9F94 /* UIComponents.framework in Embed Frameworks */,
				FA5841BA1EDE7C76009B9F94 /* UIPresentation.framework in Embed Frameworks */,
			);
			name = "Embed Frameworks";
			runOnlyForDeploymentPostprocessing = 0;
		};
/* End PBXCopyFilesBuildPhase section */

/* Begin PBXFileReference section */
		FA5841981EDE7BE4009B9F94 /* MyAwesomeApp.app */ = {isa = PBXFileReference; explicitFileType = wrapper.application; includeInIndex = 0; path = MyAwesomeApp.app; sourceTree = BUILT_PRODUCTS_DIR; };
		FA58419B1EDE7BE4009B9F94 /* AppDelegate.swift */ = {isa = PBXFileReference; lastKnownFileType = sourcecode.swift; path = AppDelegate.swift; sourceTree = "<group>"; };
		FA5841A21EDE7BE4009B9F94 /* Assets.xcassets */ = {isa = PBXFileReference; lastKnownFileType = folder.assetcatalog; path = Assets.xcassets; sourceTree = "<group>"; };
		FA5841A51EDE7BE4009B9F94 /* Base */ = {isa = PBXFileReference; lastKnownFileType = file.storyboard; name = Base; path = Base.lproj/LaunchScreen.storyboard; sourceTree = "<group>"; };
		FA5841A71EDE7BE4009B9F94 /* Info.plist */ = {isa = PBXFileReference; lastKnownFileType = text.plist.xml; path = Info.plist; sourceTree = "<group>"; };
		FA5841B21EDE7C76009B9F94 /* UIPresentation.framework */ = {isa = PBXFileReference; explicitFileType = wrapper.framework; includeInIndex = 0; path = UIPresentation.framework; sourceTree = BUILT_PRODUCTS_DIR; };
		FA5841B41EDE7C76009B9F94 /* UIPresentation.h */ = {isa = PBXFileReference; lastKnownFileType = sourcecode.c.h; path = UIPresentation.h; sourceTree = "<group>"; };
		FA5841B51EDE7C76009B9F94 /* Info.plist */ = {isa = PBXFileReference; lastKnownFileType = text.plist.xml; path = Info.plist; sourceTree = "<group>"; };
		FA5841C41EDE7C8B009B9F94 /* UIComponents.framework */ = {isa = PBXFileReference; explicitFileType = wrapper.framework; includeInIndex = 0; path = UIComponents.framework; sourceTree = BUILT_PRODUCTS_DIR; };
		FA5841C61EDE7C8B009B9F94 /* UIComponents.h */ = {isa = PBXFileReference; lastKnownFileType = sourcecode.c.h; path = UIComponents.h; sourceTree = "<group>"; };
		FA5841C71EDE7C8B009B9F94 /* Info.plist */ = {isa = PBXFileReference; lastKnownFileType = text.plist.xml; path = Info.plist; sourceTree = "<group>"; };
		FA5841D31EDE7CDD009B9F94 /* LoginBuilder.swift */ = {isa = PBXFileReference; fileEncoding = 4; lastKnownFileType = sourcecode.swift; path = LoginBuilder.swift; sourceTree = "<group>"; };
		FA5841D41EDE7CDD009B9F94 /* LoginPresenter.swift */ = {isa = PBXFileReference; fileEncoding = 4; lastKnownFileType = sourcecode.swift; path = LoginPresenter.swift; sourceTree = "<group>"; };
		FA5841D51EDE7CDD009B9F94 /* LoginPresenterProtocol.swift */ = {isa = PBXFileReference; fileEncoding = 4; lastKnownFileType = sourcecode.swift; path = LoginPresenterProtocol.swift; sourceTree = "<group>"; };
		FA5841D61EDE7CDD009B9F94 /* LoginViewController.storyboard */ = {isa = PBXFileReference; fileEncoding = 4; lastKnownFileType = file.storyboard; path = LoginViewController.storyboard; sourceTree = "<group>"; };
		FA5841D71EDE7CDD009B9F94 /* LoginViewController.swift */ = {isa = PBXFileReference; fileEncoding = 4; lastKnownFileType = sourcecode.swift; path = LoginViewController.swift; sourceTree = "<group>"; };
		FA5841D81EDE7CDD009B9F94 /* LoginViewProtocol.swift */ = {isa = PBXFileReference; fileEncoding = 4; lastKnownFileType = sourcecode.swift; path = LoginViewProtocol.swift; sourceTree = "<group>"; };
		FA5841D91EDE7CDD009B9F94 /* Router.swift */ = {isa = PBXFileReference; fileEncoding = 4; lastKnownFileType = sourcecode.swift; path = Router.swift; sourceTree = "<group>"; };
		FA5841DA1EDE7CDD009B9F94 /* RouterBuilder.swift */ = {isa = PBXFileReference; fileEncoding = 4; lastKnownFileType = sourcecode.swift; path = RouterBuilder.swift; sourceTree = "<group>"; };
		FA5841DB1EDE7CDD009B9F94 /* RouterProtocol.swift */ = {isa = PBXFileReference; fileEncoding = 4; lastKnownFileType = sourcecode.swift; path = RouterProtocol.swift; sourceTree = "<group>"; };
		FA5841DC1EDE7CDD009B9F94 /* SignupBuilder.swift */ = {isa = PBXFileReference; fileEncoding = 4; lastKnownFileType = sourcecode.swift; path = SignupBuilder.swift; sourceTree = "<group>"; };
		FA5841DD1EDE7CDD009B9F94 /* SignupPresenter.swift */ = {isa = PBXFileReference; fileEncoding = 4; lastKnownFileType = sourcecode.swift; path = SignupPresenter.swift; sourceTree = "<group>"; };
		FA5841DE1EDE7CDD009B9F94 /* SignupPresenterProtocol.swift */ = {isa = PBXFileReference; fileEncoding = 4; lastKnownFileType = sourcecode.swift; path = SignupPresenterProtocol.swift; sourceTree = "<group>"; };
		FA5841DF1EDE7CDD009B9F94 /* SignupViewController.storyboard */ = {isa = PBXFileReference; fileEncoding = 4; lastKnownFileType = file.storyboard; path = SignupViewController.storyboard; sourceTree = "<group>"; };
		FA5841E01EDE7CDD009B9F94 /* SignupViewController.swift */ = {isa = PBXFileReference; fileEncoding = 4; lastKnownFileType = sourcecode.swift; path = SignupViewController.swift; sourceTree = "<group>"; };
		FA5841E11EDE7CDD009B9F94 /* SignupViewProtocol.swift */ = {isa = PBXFileReference; fileEncoding = 4; lastKnownFileType = sourcecode.swift; path = SignupViewProtocol.swift; sourceTree = "<group>"; };
		FA693C1A1EDF1FEA0044408F /* UIViewController+Extensions.swift */ = {isa = PBXFileReference; fileEncoding = 4; lastKnownFileType = sourcecode.swift; path = "UIViewController+Extensions.swift"; sourceTree = "<group>"; };
		FA693C201EDF2C410044408F /* HeadingLabel.swift */ = {isa = PBXFileReference; fileEncoding = 4; lastKnownFileType = sourcecode.swift; path = HeadingLabel.swift; sourceTree = "<group>"; };
		FA693C211EDF2C410044408F /* SmallButton.swift */ = {isa = PBXFileReference; fileEncoding = 4; lastKnownFileType = sourcecode.swift; path = SmallButton.swift; sourceTree = "<group>"; };
		FA693C241EDF2C410044408F /* PrimaryButton.swift */ = {isa = PBXFileReference; fileEncoding = 4; lastKnownFileType = sourcecode.swift; path = PrimaryButton.swift; sourceTree = "<group>"; };
		FA693C251EDF2C410044408F /* Resources.xcassets */ = {isa = PBXFileReference; lastKnownFileType = folder.assetcatalog; path = Resources.xcassets; sourceTree = "<group>"; };
		FA693C261EDF2C410044408F /* SmallLabel.swift */ = {isa = PBXFileReference; fileEncoding = 4; lastKnownFileType = sourcecode.swift; path = SmallLabel.swift; sourceTree = "<group>"; };
		FA693C271EDF2C410044408F /* TitleLabel.swift */ = {isa = PBXFileReference; fileEncoding = 4; lastKnownFileType = sourcecode.swift; path = TitleLabel.swift; sourceTree = "<group>"; };
		FA693C281EDF2C410044408F /* UIColors+Extensions.swift */ = {isa = PBXFileReference; fileEncoding = 4; lastKnownFileType = sourcecode.swift; path = "UIColors+Extensions.swift"; sourceTree = "<group>"; };
		FA693C291EDF2C410044408F /* UIView+FromNib.swift */ = {isa = PBXFileReference; fileEncoding = 4; lastKnownFileType = sourcecode.swift; path = "UIView+FromNib.swift"; sourceTree = "<group>"; };
		FA693C3C1EDF2D6A0044408F /* BackgroundView.swift */ = {isa = PBXFileReference; fileEncoding = 4; lastKnownFileType = sourcecode.swift; path = BackgroundView.swift; sourceTree = "<group>"; };
		FA693C3D1EDF2D6A0044408F /* BaseInput.swift */ = {isa = PBXFileReference; fileEncoding = 4; lastKnownFileType = sourcecode.swift; path = BaseInput.swift; sourceTree = "<group>"; };
		FA693C3E1EDF2D6A0044408F /* EmailInput.swift */ = {isa = PBXFileReference; fileEncoding = 4; lastKnownFileType = sourcecode.swift; path = EmailInput.swift; sourceTree = "<group>"; };
		FA693C3F1EDF2D6A0044408F /* EmailInput.xib */ = {isa = PBXFileReference; fileEncoding = 4; lastKnownFileType = file.xib; path = EmailInput.xib; sourceTree = "<group>"; };
		FA693C401EDF2D6A0044408F /* PasswordInput.swift */ = {isa = PBXFileReference; fileEncoding = 4; lastKnownFileType = sourcecode.swift; path = PasswordInput.swift; sourceTree = "<group>"; };
		FA693C411EDF2D6A0044408F /* PasswordInput.xib */ = {isa = PBXFileReference; fileEncoding = 4; lastKnownFileType = file.xib; path = PasswordInput.xib; sourceTree = "<group>"; };
		FA693C481EDF2EE30044408F /* Resources.xcassets */ = {isa = PBXFileReference; lastKnownFileType = folder.assetcatalog; path = Resources.xcassets; sourceTree = "<group>"; };
		FA693C4E1EDF61CF0044408F /* KeyboardAwareScrollView.swift */ = {isa = PBXFileReference; fileEncoding = 4; lastKnownFileType = sourcecode.swift; path = KeyboardAwareScrollView.swift; sourceTree = "<group>"; };
/* End PBXFileReference section */

/* Begin PBXFrameworksBuildPhase section */
		FA5841951EDE7BE4009B9F94 /* Frameworks */ = {
			isa = PBXFrameworksBuildPhase;
			buildActionMask = 2147483647;
			files = (
				FA5841CB1EDE7C8B009B9F94 /* UIComponents.framework in Frameworks */,
				FA5841B91EDE7C76009B9F94 /* UIPresentation.framework in Frameworks */,
			);
			runOnlyForDeploymentPostprocessing = 0;
		};
		FA5841AE1EDE7C76009B9F94 /* Frameworks */ = {
			isa = PBXFrameworksBuildPhase;
			buildActionMask = 2147483647;
			files = (
			);
			runOnlyForDeploymentPostprocessing = 0;
		};
		FA5841C01EDE7C8B009B9F94 /* Frameworks */ = {
			isa = PBXFrameworksBuildPhase;
			buildActionMask = 2147483647;
			files = (
			);
			runOnlyForDeploymentPostprocessing = 0;
		};
/* End PBXFrameworksBuildPhase section */

/* Begin PBXGroup section */
		FA58418F1EDE7BE4009B9F94 = {
			isa = PBXGroup;
			children = (
				FA58419A1EDE7BE4009B9F94 /* MyAwesomeApp */,
				FA5841B31EDE7C76009B9F94 /* UIPresentation */,
				FA5841C51EDE7C8B009B9F94 /* UIComponents */,
				FA5841991EDE7BE4009B9F94 /* Products */,
			);
			sourceTree = "<group>";
		};
		FA5841991EDE7BE4009B9F94 /* Products */ = {
			isa = PBXGroup;
			children = (
				FA5841981EDE7BE4009B9F94 /* MyAwesomeApp.app */,
				FA5841B21EDE7C76009B9F94 /* UIPresentation.framework */,
				FA5841C41EDE7C8B009B9F94 /* UIComponents.framework */,
			);
			name = Products;
			sourceTree = "<group>";
		};
		FA58419A1EDE7BE4009B9F94 /* MyAwesomeApp */ = {
			isa = PBXGroup;
			children = (
				FA58419B1EDE7BE4009B9F94 /* AppDelegate.swift */,
				FA5841D21EDE7CAE009B9F94 /* Supporting Files */,
			);
			path = MyAwesomeApp;
			sourceTree = "<group>";
		};
		FA5841B31EDE7C76009B9F94 /* UIPresentation */ = {
			isa = PBXGroup;
			children = (
				FA5841F31EDE7CF5009B9F94 /* Router */,
				FA5841F11EDE7CE5009B9F94 /* Login */,
				FA5841F21EDE7CED009B9F94 /* Signup */,
				FA693C191EDF1FAE0044408F /* Extensions */,
				FA693C481EDF2EE30044408F /* Resources.xcassets */,
				FA5841D01EDE7C9B009B9F94 /* Supporting Files */,
			);
			path = UIPresentation;
			sourceTree = "<group>";
		};
		FA5841C51EDE7C8B009B9F94 /* UIComponents */ = {
			isa = PBXGroup;
			children = (
				FA693C4D1EDF61AD0044408F /* Containers */,
				FA693C3B1EDF2CB00044408F /* Inputs */,
				FA693C3A1EDF2C980044408F /* Buttons */,
				FA693C391EDF2C8F0044408F /* Labels */,
				FA693C381EDF2C800044408F /* Extensions */,
				FA693C251EDF2C410044408F /* Resources.xcassets */,
				FA5841D11EDE7CA5009B9F94 /* Supporting Files */,
			);
			path = UIComponents;
			sourceTree = "<group>";
		};
		FA5841D01EDE7C9B009B9F94 /* Supporting Files */ = {
			isa = PBXGroup;
			children = (
				FA5841B41EDE7C76009B9F94 /* UIPresentation.h */,
				FA5841B51EDE7C76009B9F94 /* Info.plist */,
			);
			name = "Supporting Files";
			sourceTree = "<group>";
		};
		FA5841D11EDE7CA5009B9F94 /* Supporting Files */ = {
			isa = PBXGroup;
			children = (
				FA5841C61EDE7C8B009B9F94 /* UIComponents.h */,
				FA5841C71EDE7C8B009B9F94 /* Info.plist */,
			);
			name = "Supporting Files";
			sourceTree = "<group>";
		};
		FA5841D21EDE7CAE009B9F94 /* Supporting Files */ = {
			isa = PBXGroup;
			children = (
				FA5841A21EDE7BE4009B9F94 /* Assets.xcassets */,
				FA5841A41EDE7BE4009B9F94 /* LaunchScreen.storyboard */,
				FA5841A71EDE7BE4009B9F94 /* Info.plist */,
			);
			name = "Supporting Files";
			sourceTree = "<group>";
		};
		FA5841F11EDE7CE5009B9F94 /* Login */ = {
			isa = PBXGroup;
			children = (
				FA5841D31EDE7CDD009B9F94 /* LoginBuilder.swift */,
				FA5841D41EDE7CDD009B9F94 /* LoginPresenter.swift */,
				FA5841D51EDE7CDD009B9F94 /* LoginPresenterProtocol.swift */,
				FA5841D61EDE7CDD009B9F94 /* LoginViewController.storyboard */,
				FA5841D71EDE7CDD009B9F94 /* LoginViewController.swift */,
				FA5841D81EDE7CDD009B9F94 /* LoginViewProtocol.swift */,
			);
			name = Login;
			sourceTree = "<group>";
		};
		FA5841F21EDE7CED009B9F94 /* Signup */ = {
			isa = PBXGroup;
			children = (
				FA5841DC1EDE7CDD009B9F94 /* SignupBuilder.swift */,
				FA5841DD1EDE7CDD009B9F94 /* SignupPresenter.swift */,
				FA5841DE1EDE7CDD009B9F94 /* SignupPresenterProtocol.swift */,
				FA5841DF1EDE7CDD009B9F94 /* SignupViewController.storyboard */,
				FA5841E01EDE7CDD009B9F94 /* SignupViewController.swift */,
				FA5841E11EDE7CDD009B9F94 /* SignupViewProtocol.swift */,
			);
			name = Signup;
			sourceTree = "<group>";
		};
		FA5841F31EDE7CF5009B9F94 /* Router */ = {
			isa = PBXGroup;
			children = (
				FA5841D91EDE7CDD009B9F94 /* Router.swift */,
				FA5841DA1EDE7CDD009B9F94 /* RouterBuilder.swift */,
				FA5841DB1EDE7CDD009B9F94 /* RouterProtocol.swift */,
			);
			name = Router;
			sourceTree = "<group>";
		};
		FA693C191EDF1FAE0044408F /* Extensions */ = {
			isa = PBXGroup;
			children = (
				FA693C1A1EDF1FEA0044408F /* UIViewController+Extensions.swift */,
			);
			name = Extensions;
			sourceTree = "<group>";
		};
		FA693C381EDF2C800044408F /* Extensions */ = {
			isa = PBXGroup;
			children = (
				FA693C281EDF2C410044408F /* UIColors+Extensions.swift */,
				FA693C291EDF2C410044408F /* UIView+FromNib.swift */,
			);
			name = Extensions;
			sourceTree = "<group>";
		};
		FA693C391EDF2C8F0044408F /* Labels */ = {
			isa = PBXGroup;
			children = (
				FA693C271EDF2C410044408F /* TitleLabel.swift */,
				FA693C201EDF2C410044408F /* HeadingLabel.swift */,
				FA693C261EDF2C410044408F /* SmallLabel.swift */,
			);
			name = Labels;
			sourceTree = "<group>";
		};
		FA693C3A1EDF2C980044408F /* Buttons */ = {
			isa = PBXGroup;
			children = (
				FA693C211EDF2C410044408F /* SmallButton.swift */,
				FA693C241EDF2C410044408F /* PrimaryButton.swift */,
			);
			name = Buttons;
			sourceTree = "<group>";
		};
		FA693C3B1EDF2CB00044408F /* Inputs */ = {
			isa = PBXGroup;
			children = (
				FA693C3C1EDF2D6A0044408F /* BackgroundView.swift */,
				FA693C3D1EDF2D6A0044408F /* BaseInput.swift */,
				FA693C3E1EDF2D6A0044408F /* EmailInput.swift */,
				FA693C3F1EDF2D6A0044408F /* EmailInput.xib */,
				FA693C401EDF2D6A0044408F /* PasswordInput.swift */,
				FA693C411EDF2D6A0044408F /* PasswordInput.xib */,
			);
			name = Inputs;
			sourceTree = "<group>";
		};
		FA693C4D1EDF61AD0044408F /* Containers */ = {
			isa = PBXGroup;
			children = (
				FA693C4E1EDF61CF0044408F /* KeyboardAwareScrollView.swift */,
			);
			name = Containers;
			sourceTree = "<group>";
		};
/* End PBXGroup section */

/* Begin PBXHeadersBuildPhase section */
		FA5841AF1EDE7C76009B9F94 /* Headers */ = {
			isa = PBXHeadersBuildPhase;
			buildActionMask = 2147483647;
			files = (
				FA5841B61EDE7C76009B9F94 /* UIPresentation.h in Headers */,
			);
			runOnlyForDeploymentPostprocessing = 0;
		};
		FA5841C11EDE7C8B009B9F94 /* Headers */ = {
			isa = PBXHeadersBuildPhase;
			buildActionMask = 2147483647;
			files = (
				FA5841C81EDE7C8B009B9F94 /* UIComponents.h in Headers */,
			);
			runOnlyForDeploymentPostprocessing = 0;
		};
/* End PBXHeadersBuildPhase section */

/* Begin PBXNativeTarget section */
		FA5841971EDE7BE4009B9F94 /* MyAwesomeApp */ = {
			isa = PBXNativeTarget;
			buildConfigurationList = FA5841AA1EDE7BE4009B9F94 /* Build configuration list for PBXNativeTarget "MyAwesomeApp" */;
			buildPhases = (
				FA5841941EDE7BE4009B9F94 /* Sources */,
				FA5841951EDE7BE4009B9F94 /* Frameworks */,
				FA5841961EDE7BE4009B9F94 /* Resources */,
				FA5841BE1EDE7C76009B9F94 /* Embed Frameworks */,
			);
			buildRules = (
			);
			dependencies = (
				FA5841B81EDE7C76009B9F94 /* PBXTargetDependency */,
				FA5841CA1EDE7C8B009B9F94 /* PBXTargetDependency */,
			);
			name = MyAwesomeApp;
			productName = MyAwesomeApp;
			productReference = FA5841981EDE7BE4009B9F94 /* MyAwesomeApp.app */;
			productType = "com.apple.product-type.application";
		};
		FA5841B11EDE7C76009B9F94 /* UIPresentation */ = {
			isa = PBXNativeTarget;
			buildConfigurationList = FA5841BB1EDE7C76009B9F94 /* Build configuration list for PBXNativeTarget "UIPresentation" */;
			buildPhases = (
				FA5841AD1EDE7C76009B9F94 /* Sources */,
				FA5841AE1EDE7C76009B9F94 /* Frameworks */,
				FA5841AF1EDE7C76009B9F94 /* Headers */,
				FA5841B01EDE7C76009B9F94 /* Resources */,
			);
			buildRules = (
			);
			dependencies = (
			);
			name = UIPresentation;
			productName = UIPresentation;
			productReference = FA5841B21EDE7C76009B9F94 /* UIPresentation.framework */;
			productType = "com.apple.product-type.framework";
		};
		FA5841C31EDE7C8B009B9F94 /* UIComponents */ = {
			isa = PBXNativeTarget;
			buildConfigurationList = FA5841CD1EDE7C8B009B9F94 /* Build configuration list for PBXNativeTarget "UIComponents" */;
			buildPhases = (
				FA5841BF1EDE7C8B009B9F94 /* Sources */,
				FA5841C01EDE7C8B009B9F94 /* Frameworks */,
				FA5841C11EDE7C8B009B9F94 /* Headers */,
				FA5841C21EDE7C8B009B9F94 /* Resources */,
			);
			buildRules = (
			);
			dependencies = (
			);
			name = UIComponents;
			productName = UIComponents;
			productReference = FA5841C41EDE7C8B009B9F94 /* UIComponents.framework */;
			productType = "com.apple.product-type.framework";
		};
/* End PBXNativeTarget section */

/* Begin PBXProject section */
		FA5841901EDE7BE4009B9F94 /* Project object */ = {
			isa = PBXProject;
			attributes = {
				LastSwiftUpdateCheck = 0830;
				LastUpgradeCheck = 0830;
				ORGANIZATIONNAME = "iOS NSAgora";
				TargetAttributes = {
					FA5841971EDE7BE4009B9F94 = {
						CreatedOnToolsVersion = 8.3.2;
						ProvisioningStyle = Automatic;
					};
					FA5841B11EDE7C76009B9F94 = {
						CreatedOnToolsVersion = 8.3.2;
						LastSwiftMigration = 0830;
						ProvisioningStyle = Automatic;
					};
					FA5841C31EDE7C8B009B9F94 = {
						CreatedOnToolsVersion = 8.3.2;
						LastSwiftMigration = 0830;
						ProvisioningStyle = Automatic;
					};
				};
			};
			buildConfigurationList = FA5841931EDE7BE4009B9F94 /* Build configuration list for PBXProject "MyAwesomeApp" */;
			compatibilityVersion = "Xcode 3.2";
			developmentRegion = English;
			hasScannedForEncodings = 0;
			knownRegions = (
				en,
				Base,
			);
			mainGroup = FA58418F1EDE7BE4009B9F94;
			productRefGroup = FA5841991EDE7BE4009B9F94 /* Products */;
			projectDirPath = "";
			projectRoot = "";
			targets = (
				FA5841971EDE7BE4009B9F94 /* MyAwesomeApp */,
				FA5841B11EDE7C76009B9F94 /* UIPresentation */,
				FA5841C31EDE7C8B009B9F94 /* UIComponents */,
			);
		};
/* End PBXProject section */

/* Begin PBXResourcesBuildPhase section */
		FA5841961EDE7BE4009B9F94 /* Resources */ = {
			isa = PBXResourcesBuildPhase;
			buildActionMask = 2147483647;
			files = (
				FA5841A61EDE7BE4009B9F94 /* LaunchScreen.storyboard in Resources */,
				FA5841A31EDE7BE4009B9F94 /* Assets.xcassets in Resources */,
			);
			runOnlyForDeploymentPostprocessing = 0;
		};
		FA5841B01EDE7C76009B9F94 /* Resources */ = {
			isa = PBXResourcesBuildPhase;
			buildActionMask = 2147483647;
			files = (
				FA693C491EDF2EE30044408F /* Resources.xcassets in Resources */,
				FA5841E51EDE7CDD009B9F94 /* LoginViewController.storyboard in Resources */,
				FA5841EE1EDE7CDE009B9F94 /* SignupViewController.storyboard in Resources */,
			);
			runOnlyForDeploymentPostprocessing = 0;
		};
		FA5841C21EDE7C8B009B9F94 /* Resources */ = {
			isa = PBXResourcesBuildPhase;
			buildActionMask = 2147483647;
			files = (
				FA693C331EDF2C410044408F /* Resources.xcassets in Resources */,
				FA693C451EDF2D6A0044408F /* EmailInput.xib in Resources */,
				FA693C471EDF2D6A0044408F /* PasswordInput.xib in Resources */,
			);
			runOnlyForDeploymentPostprocessing = 0;
		};
/* End PBXResourcesBuildPhase section */

/* Begin PBXSourcesBuildPhase section */
		FA5841941EDE7BE4009B9F94 /* Sources */ = {
			isa = PBXSourcesBuildPhase;
			buildActionMask = 2147483647;
			files = (
				FA58419C1EDE7BE4009B9F94 /* AppDelegate.swift in Sources */,
			);
			runOnlyForDeploymentPostprocessing = 0;
		};
		FA5841AD1EDE7C76009B9F94 /* Sources */ = {
			isa = PBXSourcesBuildPhase;
			buildActionMask = 2147483647;
			files = (
				FA5841E71EDE7CDE009B9F94 /* LoginViewProtocol.swift in Sources */,
				FA5841E61EDE7CDE009B9F94 /* LoginViewController.swift in Sources */,
				FA5841EA1EDE7CDE009B9F94 /* RouterProtocol.swift in Sources */,
				FA5841ED1EDE7CDE009B9F94 /* SignupPresenterProtocol.swift in Sources */,
				FA5841E41EDE7CDD009B9F94 /* LoginPresenterProtocol.swift in Sources */,
				FA5841E31EDE7CDD009B9F94 /* LoginPresenter.swift in Sources */,
				FA5841EF1EDE7CDE009B9F94 /* SignupViewController.swift in Sources */,
				FA5841E91EDE7CDE009B9F94 /* RouterBuilder.swift in Sources */,
				FA5841EC1EDE7CDE009B9F94 /* SignupPresenter.swift in Sources */,
				FA5841E81EDE7CDE009B9F94 /* Router.swift in Sources */,
				FA693C1B1EDF1FEA0044408F /* UIViewController+Extensions.swift in Sources */,
				FA5841F01EDE7CDE009B9F94 /* SignupViewProtocol.swift in Sources */,
				FA5841EB1EDE7CDE009B9F94 /* SignupBuilder.swift in Sources */,
				FA5841E21EDE7CDD009B9F94 /* LoginBuilder.swift in Sources */,
			);
			runOnlyForDeploymentPostprocessing = 0;
		};
		FA5841BF1EDE7C8B009B9F94 /* Sources */ = {
			isa = PBXSourcesBuildPhase;
			buildActionMask = 2147483647;
			files = (
				FA693C431EDF2D6A0044408F /* BaseInput.swift in Sources */,
				FA693C441EDF2D6A0044408F /* EmailInput.swift in Sources */,
				FA693C2F1EDF2C410044408F /* SmallButton.swift in Sources */,
				FA693C371EDF2C410044408F /* UIView+FromNib.swift in Sources */,
				FA693C421EDF2D6A0044408F /* BackgroundView.swift in Sources */,
				FA693C2E1EDF2C410044408F /* HeadingLabel.swift in Sources */,
				FA693C341EDF2C410044408F /* SmallLabel.swift in Sources */,
				FA693C361EDF2C410044408F /* UIColors+Extensions.swift in Sources */,
				FA693C321EDF2C410044408F /* PrimaryButton.swift in Sources */,
				FA693C461EDF2D6A0044408F /* PasswordInput.swift in Sources */,
				FA693C351EDF2C410044408F /* TitleLabel.swift in Sources */,
				FA693C4F1EDF61CF0044408F /* KeyboardAwareScrollView.swift in Sources */,
			);
			runOnlyForDeploymentPostprocessing = 0;
		};
/* End PBXSourcesBuildPhase section */

/* Begin PBXTargetDependency section */
		FA5841B81EDE7C76009B9F94 /* PBXTargetDependency */ = {
			isa = PBXTargetDependency;
			target = FA5841B11EDE7C76009B9F94 /* UIPresentation */;
			targetProxy = FA5841B71EDE7C76009B9F94 /* PBXContainerItemProxy */;
		};
		FA5841CA1EDE7C8B009B9F94 /* PBXTargetDependency */ = {
			isa = PBXTargetDependency;
			target = FA5841C31EDE7C8B009B9F94 /* UIComponents */;
			targetProxy = FA5841C91EDE7C8B009B9F94 /* PBXContainerItemProxy */;
		};
/* End PBXTargetDependency section */

/* Begin PBXVariantGroup section */
		FA5841A41EDE7BE4009B9F94 /* LaunchScreen.storyboard */ = {
			isa = PBXVariantGroup;
			children = (
				FA5841A51EDE7BE4009B9F94 /* Base */,
			);
			name = LaunchScreen.storyboard;
			sourceTree = "<group>";
		};
/* End PBXVariantGroup section */

/* Begin XCBuildConfiguration section */
		FA5841A81EDE7BE4009B9F94 /* Debug */ = {
			isa = XCBuildConfiguration;
			buildSettings = {
				ALWAYS_SEARCH_USER_PATHS = NO;
				CLANG_ANALYZER_NONNULL = YES;
				CLANG_ANALYZER_NUMBER_OBJECT_CONVERSION = YES_AGGRESSIVE;
				CLANG_CXX_LANGUAGE_STANDARD = "gnu++0x";
				CLANG_CXX_LIBRARY = "libc++";
				CLANG_ENABLE_MODULES = YES;
				CLANG_ENABLE_OBJC_ARC = YES;
				CLANG_WARN_BOOL_CONVERSION = YES;
				CLANG_WARN_CONSTANT_CONVERSION = YES;
				CLANG_WARN_DIRECT_OBJC_ISA_USAGE = YES_ERROR;
				CLANG_WARN_DOCUMENTATION_COMMENTS = YES;
				CLANG_WARN_EMPTY_BODY = YES;
				CLANG_WARN_ENUM_CONVERSION = YES;
				CLANG_WARN_INFINITE_RECURSION = YES;
				CLANG_WARN_INT_CONVERSION = YES;
				CLANG_WARN_OBJC_ROOT_CLASS = YES_ERROR;
				CLANG_WARN_SUSPICIOUS_MOVE = YES;
				CLANG_WARN_UNREACHABLE_CODE = YES;
				CLANG_WARN__DUPLICATE_METHOD_MATCH = YES;
				"CODE_SIGN_IDENTITY[sdk=iphoneos*]" = "iPhone Developer";
				COPY_PHASE_STRIP = NO;
				DEBUG_INFORMATION_FORMAT = dwarf;
				ENABLE_STRICT_OBJC_MSGSEND = YES;
				ENABLE_TESTABILITY = YES;
				GCC_C_LANGUAGE_STANDARD = gnu99;
				GCC_DYNAMIC_NO_PIC = NO;
				GCC_NO_COMMON_BLOCKS = YES;
				GCC_OPTIMIZATION_LEVEL = 0;
				GCC_PREPROCESSOR_DEFINITIONS = (
					"DEBUG=1",
					"$(inherited)",
				);
				GCC_WARN_64_TO_32_BIT_CONVERSION = YES;
				GCC_WARN_ABOUT_RETURN_TYPE = YES_ERROR;
				GCC_WARN_UNDECLARED_SELECTOR = YES;
				GCC_WARN_UNINITIALIZED_AUTOS = YES_AGGRESSIVE;
				GCC_WARN_UNUSED_FUNCTION = YES;
				GCC_WARN_UNUSED_VARIABLE = YES;
				IPHONEOS_DEPLOYMENT_TARGET = 10.3;
				MTL_ENABLE_DEBUG_INFO = YES;
				ONLY_ACTIVE_ARCH = YES;
				SDKROOT = iphoneos;
				SWIFT_ACTIVE_COMPILATION_CONDITIONS = DEBUG;
				SWIFT_OPTIMIZATION_LEVEL = "-Onone";
			};
			name = Debug;
		};
		FA5841A91EDE7BE4009B9F94 /* Release */ = {
			isa = XCBuildConfiguration;
			buildSettings = {
				ALWAYS_SEARCH_USER_PATHS = NO;
				CLANG_ANALYZER_NONNULL = YES;
				CLANG_ANALYZER_NUMBER_OBJECT_CONVERSION = YES_AGGRESSIVE;
				CLANG_CXX_LANGUAGE_STANDARD = "gnu++0x";
				CLANG_CXX_LIBRARY = "libc++";
				CLANG_ENABLE_MODULES = YES;
				CLANG_ENABLE_OBJC_ARC = YES;
				CLANG_WARN_BOOL_CONVERSION = YES;
				CLANG_WARN_CONSTANT_CONVERSION = YES;
				CLANG_WARN_DIRECT_OBJC_ISA_USAGE = YES_ERROR;
				CLANG_WARN_DOCUMENTATION_COMMENTS = YES;
				CLANG_WARN_EMPTY_BODY = YES;
				CLANG_WARN_ENUM_CONVERSION = YES;
				CLANG_WARN_INFINITE_RECURSION = YES;
				CLANG_WARN_INT_CONVERSION = YES;
				CLANG_WARN_OBJC_ROOT_CLASS = YES_ERROR;
				CLANG_WARN_SUSPICIOUS_MOVE = YES;
				CLANG_WARN_UNREACHABLE_CODE = YES;
				CLANG_WARN__DUPLICATE_METHOD_MATCH = YES;
				"CODE_SIGN_IDENTITY[sdk=iphoneos*]" = "iPhone Developer";
				COPY_PHASE_STRIP = NO;
				DEBUG_INFORMATION_FORMAT = "dwarf-with-dsym";
				ENABLE_NS_ASSERTIONS = NO;
				ENABLE_STRICT_OBJC_MSGSEND = YES;
				GCC_C_LANGUAGE_STANDARD = gnu99;
				GCC_NO_COMMON_BLOCKS = YES;
				GCC_WARN_64_TO_32_BIT_CONVERSION = YES;
				GCC_WARN_ABOUT_RETURN_TYPE = YES_ERROR;
				GCC_WARN_UNDECLARED_SELECTOR = YES;
				GCC_WARN_UNINITIALIZED_AUTOS = YES_AGGRESSIVE;
				GCC_WARN_UNUSED_FUNCTION = YES;
				GCC_WARN_UNUSED_VARIABLE = YES;
				IPHONEOS_DEPLOYMENT_TARGET = 10.3;
				MTL_ENABLE_DEBUG_INFO = NO;
				SDKROOT = iphoneos;
				SWIFT_OPTIMIZATION_LEVEL = "-Owholemodule";
				VALIDATE_PRODUCT = YES;
			};
			name = Release;
		};
		FA5841AB1EDE7BE4009B9F94 /* Debug */ = {
			isa = XCBuildConfiguration;
			buildSettings = {
				ALWAYS_EMBED_SWIFT_STANDARD_LIBRARIES = YES;
				ASSETCATALOG_COMPILER_APPICON_NAME = AppIcon;
				INFOPLIST_FILE = MyAwesomeApp/Info.plist;
				LD_RUNPATH_SEARCH_PATHS = "$(inherited) @executable_path/Frameworks";
				PRODUCT_BUNDLE_IDENTIFIER = com.nsagora.MyAwesomeApp;
				PRODUCT_NAME = "$(TARGET_NAME)";
				SWIFT_VERSION = 3.0;
			};
			name = Debug;
		};
		FA5841AC1EDE7BE4009B9F94 /* Release */ = {
			isa = XCBuildConfiguration;
			buildSettings = {
				ALWAYS_EMBED_SWIFT_STANDARD_LIBRARIES = YES;
				ASSETCATALOG_COMPILER_APPICON_NAME = AppIcon;
				INFOPLIST_FILE = MyAwesomeApp/Info.plist;
				LD_RUNPATH_SEARCH_PATHS = "$(inherited) @executable_path/Frameworks";
				PRODUCT_BUNDLE_IDENTIFIER = com.nsagora.MyAwesomeApp;
				PRODUCT_NAME = "$(TARGET_NAME)";
				SWIFT_VERSION = 3.0;
			};
			name = Release;
		};
		FA5841BC1EDE7C76009B9F94 /* Debug */ = {
			isa = XCBuildConfiguration;
			buildSettings = {
				CLANG_ENABLE_MODULES = YES;
				CODE_SIGN_IDENTITY = "";
				CURRENT_PROJECT_VERSION = 1;
				DEFINES_MODULE = YES;
				DYLIB_COMPATIBILITY_VERSION = 1;
				DYLIB_CURRENT_VERSION = 1;
				DYLIB_INSTALL_NAME_BASE = "@rpath";
				INFOPLIST_FILE = UIPresentation/Info.plist;
				INSTALL_PATH = "$(LOCAL_LIBRARY_DIR)/Frameworks";
				LD_RUNPATH_SEARCH_PATHS = "$(inherited) @executable_path/Frameworks @loader_path/Frameworks";
				PRODUCT_BUNDLE_IDENTIFIER = com.nsagora.UIPresentation;
				PRODUCT_NAME = "$(TARGET_NAME)";
				SKIP_INSTALL = YES;
				SWIFT_OPTIMIZATION_LEVEL = "-Onone";
				SWIFT_VERSION = 3.0;
				TARGETED_DEVICE_FAMILY = "1,2";
				VERSIONING_SYSTEM = "apple-generic";
				VERSION_INFO_PREFIX = "";
			};
			name = Debug;
		};
		FA5841BD1EDE7C76009B9F94 /* Release */ = {
			isa = XCBuildConfiguration;
			buildSettings = {
				CLANG_ENABLE_MODULES = YES;
				CODE_SIGN_IDENTITY = "";
				CURRENT_PROJECT_VERSION = 1;
				DEFINES_MODULE = YES;
				DYLIB_COMPATIBILITY_VERSION = 1;
				DYLIB_CURRENT_VERSION = 1;
				DYLIB_INSTALL_NAME_BASE = "@rpath";
				INFOPLIST_FILE = UIPresentation/Info.plist;
				INSTALL_PATH = "$(LOCAL_LIBRARY_DIR)/Frameworks";
				LD_RUNPATH_SEARCH_PATHS = "$(inherited) @executable_path/Frameworks @loader_path/Frameworks";
				PRODUCT_BUNDLE_IDENTIFIER = com.nsagora.UIPresentation;
				PRODUCT_NAME = "$(TARGET_NAME)";
				SKIP_INSTALL = YES;
				SWIFT_VERSION = 3.0;
				TARGETED_DEVICE_FAMILY = "1,2";
				VERSIONING_SYSTEM = "apple-generic";
				VERSION_INFO_PREFIX = "";
			};
			name = Release;
		};
		FA5841CE1EDE7C8B009B9F94 /* Debug */ = {
			isa = XCBuildConfiguration;
			buildSettings = {
				CLANG_ENABLE_MODULES = YES;
				CODE_SIGN_IDENTITY = "";
				CURRENT_PROJECT_VERSION = 1;
				DEFINES_MODULE = YES;
				DYLIB_COMPATIBILITY_VERSION = 1;
				DYLIB_CURRENT_VERSION = 1;
				DYLIB_INSTALL_NAME_BASE = "@rpath";
				INFOPLIST_FILE = UIComponents/Info.plist;
				INSTALL_PATH = "$(LOCAL_LIBRARY_DIR)/Frameworks";
				LD_RUNPATH_SEARCH_PATHS = "$(inherited) @executable_path/Frameworks @loader_path/Frameworks";
				PRODUCT_BUNDLE_IDENTIFIER = com.nsagora.UIComponents;
				PRODUCT_NAME = "$(TARGET_NAME)";
				SKIP_INSTALL = YES;
				SWIFT_OPTIMIZATION_LEVEL = "-Onone";
				SWIFT_VERSION = 3.0;
				TARGETED_DEVICE_FAMILY = "1,2";
				VERSIONING_SYSTEM = "apple-generic";
				VERSION_INFO_PREFIX = "";
			};
			name = Debug;
		};
		FA5841CF1EDE7C8B009B9F94 /* Release */ = {
			isa = XCBuildConfiguration;
			buildSettings = {
				CLANG_ENABLE_MODULES = YES;
				CODE_SIGN_IDENTITY = "";
				CURRENT_PROJECT_VERSION = 1;
				DEFINES_MODULE = YES;
				DYLIB_COMPATIBILITY_VERSION = 1;
				DYLIB_CURRENT_VERSION = 1;
				DYLIB_INSTALL_NAME_BASE = "@rpath";
				INFOPLIST_FILE = UIComponents/Info.plist;
				INSTALL_PATH = "$(LOCAL_LIBRARY_DIR)/Frameworks";
				LD_RUNPATH_SEARCH_PATHS = "$(inherited) @executable_path/Frameworks @loader_path/Frameworks";
				PRODUCT_BUNDLE_IDENTIFIER = com.nsagora.UIComponents;
				PRODUCT_NAME = "$(TARGET_NAME)";
				SKIP_INSTALL = YES;
				SWIFT_VERSION = 3.0;
				TARGETED_DEVICE_FAMILY = "1,2";
				VERSIONING_SYSTEM = "apple-generic";
				VERSION_INFO_PREFIX = "";
			};
			name = Release;
		};
/* End XCBuildConfiguration section */

/* Begin XCConfigurationList section */
		FA5841931EDE7BE4009B9F94 /* Build configuration list for PBXProject "MyAwesomeApp" */ = {
			isa = XCConfigurationList;
			buildConfigurations = (
				FA5841A81EDE7BE4009B9F94 /* Debug */,
				FA5841A91EDE7BE4009B9F94 /* Release */,
			);
			defaultConfigurationIsVisible = 0;
			defaultConfigurationName = Release;
		};
		FA5841AA1EDE7BE4009B9F94 /* Build configuration list for PBXNativeTarget "MyAwesomeApp" */ = {
			isa = XCConfigurationList;
			buildConfigurations = (
				FA5841AB1EDE7BE4009B9F94 /* Debug */,
				FA5841AC1EDE7BE4009B9F94 /* Release */,
			);
			defaultConfigurationIsVisible = 0;
			defaultConfigurationName = Release;
		};
		FA5841BB1EDE7C76009B9F94 /* Build configuration list for PBXNativeTarget "UIPresentation" */ = {
			isa = XCConfigurationList;
			buildConfigurations = (
				FA5841BC1EDE7C76009B9F94 /* Debug */,
				FA5841BD1EDE7C76009B9F94 /* Release */,
			);
			defaultConfigurationIsVisible = 0;
			defaultConfigurationName = Release;
		};
		FA5841CD1EDE7C8B009B9F94 /* Build configuration list for PBXNativeTarget "UIComponents" */ = {
			isa = XCConfigurationList;
			buildConfigurations = (
				FA5841CE1EDE7C8B009B9F94 /* Debug */,
				FA5841CF1EDE7C8B009B9F94 /* Release */,
			);
			defaultConfigurationIsVisible = 0;
			defaultConfigurationName = Release;
		};
/* End XCConfigurationList section */
	};
	rootObject = FA5841901EDE7BE4009B9F94 /* Project object */;
}
